
Microsoft Visual Studio Solution File, Format Version 12.00
# Visual Studio 15
VisualStudioVersion = 15.0.26430.12
MinimumVisualStudioVersion = 10.0.40219.1
Project("{FAE04EC0-301F-11D3-BF4B-00C04F79EFBC}") = "Aphysoft.Share", "Aphysoft.Share\Aphysoft.Share.csproj", "{BE59C0C5-8B77-445F-88ED-D88A4EB7709E}"
	ProjectSection(ProjectDependencies) = postProject
		{DBEB5569-93E8-457A-84F1-535D5B128AF2} = {DBEB5569-93E8-457A-84F1-535D5B128AF2}
	EndProjectSection
EndProject
Project("{FAE04EC0-301F-11D3-BF4B-00C04F79EFBC}") = "NecrowConsole", "NecrowConsole\NecrowConsole.csproj", "{A636433E-1578-4DB5-A008-C8DB671AEC13}"
	ProjectSection(ProjectDependencies) = postProject
		{FFACD4FE-CA5A-4E45-9F7D-F99F8A925544} = {FFACD4FE-CA5A-4E45-9F7D-F99F8A925544}
	EndProjectSection
EndProject
Project("{FAE04EC0-301F-11D3-BF4B-00C04F79EFBC}") = "ServiceConsole", "ServiceConsole\ServiceConsole.csproj", "{ECB1CC51-6652-49C9-97D3-FF3CEBFF0407}"
	ProjectSection(ProjectDependencies) = postProject
		{123E8A09-3F7A-4A85-8E3A-DA92B55CE6CC} = {123E8A09-3F7A-4A85-8E3A-DA92B55CE6CC}
	EndProjectSection
EndProject
Project("{FAE04EC0-301F-11D3-BF4B-00C04F79EFBC}") = "Necrow", "Necrow\Necrow.csproj", "{FFACD4FE-CA5A-4E45-9F7D-F99F8A925544}"
	ProjectSection(ProjectDependencies) = postProject
		{123E8A09-3F7A-4A85-8E3A-DA92B55CE6CC} = {123E8A09-3F7A-4A85-8E3A-DA92B55CE6CC}
		{BE59C0C5-8B77-445F-88ED-D88A4EB7709E} = {BE59C0C5-8B77-445F-88ED-D88A4EB7709E}
	EndProjectSection
EndProject
Project("{FAE04EC0-301F-11D3-BF4B-00C04F79EFBC}") = "Jovice", "Jovice\Jovice.csproj", "{123E8A09-3F7A-4A85-8E3A-DA92B55CE6CC}"
	ProjectSection(ProjectDependencies) = postProject
		{DBEB5569-93E8-457A-84F1-535D5B128AF2} = {DBEB5569-93E8-457A-84F1-535D5B128AF2}
		{BE59C0C5-8B77-445F-88ED-D88A4EB7709E} = {BE59C0C5-8B77-445F-88ED-D88A4EB7709E}
	EndProjectSection
EndProject
Project("{FAE04EC0-301F-11D3-BF4B-00C04F79EFBC}") = "Center", "Center\Center.csproj", "{51238574-C331-431E-BBDD-20D1969D10FD}"
	ProjectSection(ProjectDependencies) = postProject
		{DBEB5569-93E8-457A-84F1-535D5B128AF2} = {DBEB5569-93E8-457A-84F1-535D5B128AF2}
		{AEF02DD0-E683-47C1-BA25-FBAEFF863A17} = {AEF02DD0-E683-47C1-BA25-FBAEFF863A17}
	EndProjectSection
EndProject
Project("{FAE04EC0-301F-11D3-BF4B-00C04F79EFBC}") = "Aphysoft.Share.Resources", "Aphysoft.Share.Resources\Aphysoft.Share.Resources.csproj", "{AEF02DD0-E683-47C1-BA25-FBAEFF863A17}"
	ProjectSection(ProjectDependencies) = postProject
		{BE59C0C5-8B77-445F-88ED-D88A4EB7709E} = {BE59C0C5-8B77-445F-88ED-D88A4EB7709E}
	EndProjectSection
EndProject
Project("{FAE04EC0-301F-11D3-BF4B-00C04F79EFBC}") = "Aphysoft.Protected", "Aphysoft.Protected\Aphysoft.Protected.csproj", "{DBEB5569-93E8-457A-84F1-535D5B128AF2}"
EndProject
Project("{FAE04EC0-301F-11D3-BF4B-00C04F79EFBC}") = "Center.API", "Center.API\Center.API.csproj", "{8C7E0739-0D82-43DF-B6CD-E81D6E71C551}"
	ProjectSection(ProjectDependencies) = postProject
		{123E8A09-3F7A-4A85-8E3A-DA92B55CE6CC} = {123E8A09-3F7A-4A85-8E3A-DA92B55CE6CC}
		{DBEB5569-93E8-457A-84F1-535D5B128AF2} = {DBEB5569-93E8-457A-84F1-535D5B128AF2}
		{BE59C0C5-8B77-445F-88ED-D88A4EB7709E} = {BE59C0C5-8B77-445F-88ED-D88A4EB7709E}
	EndProjectSection
EndProject
Project("{FAE04EC0-301F-11D3-BF4B-00C04F79EFBC}") = "NecrowService", "NecrowService\NecrowService.csproj", "{66B9EB65-5404-4AA2-BB33-92C6134E0E0C}"
	ProjectSection(ProjectDependencies) = postProject
		{FFACD4FE-CA5A-4E45-9F7D-F99F8A925544} = {FFACD4FE-CA5A-4E45-9F7D-F99F8A925544}
	EndProjectSection
EndProject
Global
	GlobalSection(SolutionConfigurationPlatforms) = preSolution
		Debug|Any CPU = Debug|Any CPU
		Debug|Mixed Platforms = Debug|Mixed Platforms
		Debug|x86 = Debug|x86
		Release|Any CPU = Release|Any CPU
		Release|Mixed Platforms = Release|Mixed Platforms
		Release|x86 = Release|x86
	EndGlobalSection
	GlobalSection(ProjectConfigurationPlatforms) = postSolution
		{BE59C0C5-8B77-445F-88ED-D88A4EB7709E}.Debug|Any CPU.ActiveCfg = Debug|Any CPU
		{BE59C0C5-8B77-445F-88ED-D88A4EB7709E}.Debug|Any CPU.Build.0 = Debug|Any CPU
		{BE59C0C5-8B77-445F-88ED-D88A4EB7709E}.Debug|Mixed Platforms.ActiveCfg = Debug|Any CPU
		{BE59C0C5-8B77-445F-88ED-D88A4EB7709E}.Debug|Mixed Platforms.Build.0 = Debug|Any CPU
		{BE59C0C5-8B77-445F-88ED-D88A4EB7709E}.Debug|x86.ActiveCfg = Debug|Any CPU
		{BE59C0C5-8B77-445F-88ED-D88A4EB7709E}.Release|Any CPU.ActiveCfg = Release|Any CPU
		{BE59C0C5-8B77-445F-88ED-D88A4EB7709E}.Release|Any CPU.Build.0 = Release|Any CPU
		{BE59C0C5-8B77-445F-88ED-D88A4EB7709E}.Release|Mixed Platforms.ActiveCfg = Release|Any CPU
		{BE59C0C5-8B77-445F-88ED-D88A4EB7709E}.Release|Mixed Platforms.Build.0 = Release|Any CPU
		{BE59C0C5-8B77-445F-88ED-D88A4EB7709E}.Release|x86.ActiveCfg = Release|Any CPU
		{A636433E-1578-4DB5-A008-C8DB671AEC13}.Debug|Any CPU.ActiveCfg = Debug|Any CPU
		{A636433E-1578-4DB5-A008-C8DB671AEC13}.Debug|Any CPU.Build.0 = Debug|Any CPU
		{A636433E-1578-4DB5-A008-C8DB671AEC13}.Debug|Mixed Platforms.ActiveCfg = Release|Any CPU
		{A636433E-1578-4DB5-A008-C8DB671AEC13}.Debug|Mixed Platforms.Build.0 = Release|Any CPU
		{A636433E-1578-4DB5-A008-C8DB671AEC13}.Debug|x86.ActiveCfg = Debug|Any CPU
		{A636433E-1578-4DB5-A008-C8DB671AEC13}.Release|Any CPU.ActiveCfg = Release|Any CPU
		{A636433E-1578-4DB5-A008-C8DB671AEC13}.Release|Any CPU.Build.0 = Release|Any CPU
		{A636433E-1578-4DB5-A008-C8DB671AEC13}.Release|Mixed Platforms.ActiveCfg = Release|Any CPU
		{A636433E-1578-4DB5-A008-C8DB671AEC13}.Release|Mixed Platforms.Build.0 = Release|Any CPU
		{A636433E-1578-4DB5-A008-C8DB671AEC13}.Release|x86.ActiveCfg = Release|Any CPU
		{ECB1CC51-6652-49C9-97D3-FF3CEBFF0407}.Debug|Any CPU.ActiveCfg = Debug|Any CPU
		{ECB1CC51-6652-49C9-97D3-FF3CEBFF0407}.Debug|Any CPU.Build.0 = Debug|Any CPU
		{ECB1CC51-6652-49C9-97D3-FF3CEBFF0407}.Debug|Mixed Platforms.ActiveCfg = Release|Any CPU
		{ECB1CC51-6652-49C9-97D3-FF3CEBFF0407}.Debug|Mixed Platforms.Build.0 = Release|Any CPU
		{ECB1CC51-6652-49C9-97D3-FF3CEBFF0407}.Debug|x86.ActiveCfg = Debug|Any CPU
		{ECB1CC51-6652-49C9-97D3-FF3CEBFF0407}.Release|Any CPU.ActiveCfg = Release|Any CPU
		{ECB1CC51-6652-49C9-97D3-FF3CEBFF0407}.Release|Any CPU.Build.0 = Release|Any CPU
		{ECB1CC51-6652-49C9-97D3-FF3CEBFF0407}.Release|Mixed Platforms.ActiveCfg = Release|Any CPU
		{ECB1CC51-6652-49C9-97D3-FF3CEBFF0407}.Release|Mixed Platforms.Build.0 = Release|Any CPU
		{ECB1CC51-6652-49C9-97D3-FF3CEBFF0407}.Release|x86.ActiveCfg = Release|Any CPU
		{FFACD4FE-CA5A-4E45-9F7D-F99F8A925544}.Debug|Any CPU.ActiveCfg = Debug|Any CPU
		{FFACD4FE-CA5A-4E45-9F7D-F99F8A925544}.Debug|Any CPU.Build.0 = Debug|Any CPU
		{FFACD4FE-CA5A-4E45-9F7D-F99F8A925544}.Debug|Mixed Platforms.ActiveCfg = Debug|Any CPU
		{FFACD4FE-CA5A-4E45-9F7D-F99F8A925544}.Debug|Mixed Platforms.Build.0 = Debug|Any CPU
		{FFACD4FE-CA5A-4E45-9F7D-F99F8A925544}.Debug|x86.ActiveCfg = Debug|Any CPU
		{FFACD4FE-CA5A-4E45-9F7D-F99F8A925544}.Debug|x86.Build.0 = Debug|Any CPU
		{FFACD4FE-CA5A-4E45-9F7D-F99F8A925544}.Release|Any CPU.ActiveCfg = Release|Any CPU
		{FFACD4FE-CA5A-4E45-9F7D-F99F8A925544}.Release|Any CPU.Build.0 = Release|Any CPU
		{FFACD4FE-CA5A-4E45-9F7D-F99F8A925544}.Release|Mixed Platforms.ActiveCfg = Release|Any CPU
		{FFACD4FE-CA5A-4E45-9F7D-F99F8A925544}.Release|Mixed Platforms.Build.0 = Release|Any CPU
		{FFACD4FE-CA5A-4E45-9F7D-F99F8A925544}.Release|x86.ActiveCfg = Release|Any CPU
		{FFACD4FE-CA5A-4E45-9F7D-F99F8A925544}.Release|x86.Build.0 = Release|Any CPU
		{123E8A09-3F7A-4A85-8E3A-DA92B55CE6CC}.Debug|Any CPU.ActiveCfg = Debug|Any CPU
		{123E8A09-3F7A-4A85-8E3A-DA92B55CE6CC}.Debug|Any CPU.Build.0 = Debug|Any CPU
		{123E8A09-3F7A-4A85-8E3A-DA92B55CE6CC}.Debug|Mixed Platforms.ActiveCfg = Debug|Any CPU
		{123E8A09-3F7A-4A85-8E3A-DA92B55CE6CC}.Debug|Mixed Platforms.Build.0 = Debug|Any CPU
		{123E8A09-3F7A-4A85-8E3A-DA92B55CE6CC}.Debug|x86.ActiveCfg = Debug|Any CPU
		{123E8A09-3F7A-4A85-8E3A-DA92B55CE6CC}.Debug|x86.Build.0 = Debug|Any CPU
		{123E8A09-3F7A-4A85-8E3A-DA92B55CE6CC}.Release|Any CPU.ActiveCfg = Release|Any CPU
		{123E8A09-3F7A-4A85-8E3A-DA92B55CE6CC}.Release|Any CPU.Build.0 = Release|Any CPU
		{123E8A09-3F7A-4A85-8E3A-DA92B55CE6CC}.Release|Mixed Platforms.ActiveCfg = Release|Any CPU
		{123E8A09-3F7A-4A85-8E3A-DA92B55CE6CC}.Release|Mixed Platforms.Build.0 = Release|Any CPU
		{123E8A09-3F7A-4A85-8E3A-DA92B55CE6CC}.Release|x86.ActiveCfg = Release|Any CPU
		{123E8A09-3F7A-4A85-8E3A-DA92B55CE6CC}.Release|x86.Build.0 = Release|Any CPU
		{51238574-C331-431E-BBDD-20D1969D10FD}.Debug|Any CPU.ActiveCfg = Debug|Any CPU
		{51238574-C331-431E-BBDD-20D1969D10FD}.Debug|Any CPU.Build.0 = Debug|Any CPU
		{51238574-C331-431E-BBDD-20D1969D10FD}.Debug|Mixed Platforms.ActiveCfg = Debug|Any CPU
		{51238574-C331-431E-BBDD-20D1969D10FD}.Debug|Mixed Platforms.Build.0 = Debug|Any CPU
		{51238574-C331-431E-BBDD-20D1969D10FD}.Debug|x86.ActiveCfg = Debug|Any CPU
		{51238574-C331-431E-BBDD-20D1969D10FD}.Debug|x86.Build.0 = Debug|Any CPU
		{51238574-C331-431E-BBDD-20D1969D10FD}.Release|Any CPU.ActiveCfg = Release|Any CPU
		{51238574-C331-431E-BBDD-20D1969D10FD}.Release|Any CPU.Build.0 = Release|Any CPU
		{51238574-C331-431E-BBDD-20D1969D10FD}.Release|Mixed Platforms.ActiveCfg = Release|Any CPU
		{51238574-C331-431E-BBDD-20D1969D10FD}.Release|Mixed Platforms.Build.0 = Release|Any CPU
		{51238574-C331-431E-BBDD-20D1969D10FD}.Release|x86.ActiveCfg = Release|Any CPU
		{51238574-C331-431E-BBDD-20D1969D10FD}.Release|x86.Build.0 = Release|Any CPU
		{AEF02DD0-E683-47C1-BA25-FBAEFF863A17}.Debug|Any CPU.ActiveCfg = Debug|Any CPU
		{AEF02DD0-E683-47C1-BA25-FBAEFF863A17}.Debug|Any CPU.Build.0 = Debug|Any CPU
		{AEF02DD0-E683-47C1-BA25-FBAEFF863A17}.Debug|Mixed Platforms.ActiveCfg = Debug|Any CPU
		{AEF02DD0-E683-47C1-BA25-FBAEFF863A17}.Debug|Mixed Platforms.Build.0 = Debug|Any CPU
		{AEF02DD0-E683-47C1-BA25-FBAEFF863A17}.Debug|x86.ActiveCfg = Debug|Any CPU
		{AEF02DD0-E683-47C1-BA25-FBAEFF863A17}.Debug|x86.Build.0 = Debug|Any CPU
		{AEF02DD0-E683-47C1-BA25-FBAEFF863A17}.Release|Any CPU.ActiveCfg = Release|Any CPU
		{AEF02DD0-E683-47C1-BA25-FBAEFF863A17}.Release|Any CPU.Build.0 = Release|Any CPU
		{AEF02DD0-E683-47C1-BA25-FBAEFF863A17}.Release|Mixed Platforms.ActiveCfg = Release|Any CPU
		{AEF02DD0-E683-47C1-BA25-FBAEFF863A17}.Release|Mixed Platforms.Build.0 = Release|Any CPU
		{AEF02DD0-E683-47C1-BA25-FBAEFF863A17}.Release|x86.ActiveCfg = Release|Any CPU
		{AEF02DD0-E683-47C1-BA25-FBAEFF863A17}.Release|x86.Build.0 = Release|Any CPU
		{DBEB5569-93E8-457A-84F1-535D5B128AF2}.Debug|Any CPU.ActiveCfg = Debug|Any CPU
		{DBEB5569-93E8-457A-84F1-535D5B128AF2}.Debug|Any CPU.Build.0 = Debug|Any CPU
		{DBEB5569-93E8-457A-84F1-535D5B128AF2}.Debug|Mixed Platforms.ActiveCfg = Debug|Any CPU
		{DBEB5569-93E8-457A-84F1-535D5B128AF2}.Debug|Mixed Platforms.Build.0 = Debug|Any CPU
		{DBEB5569-93E8-457A-84F1-535D5B128AF2}.Debug|x86.ActiveCfg = Debug|Any CPU
		{DBEB5569-93E8-457A-84F1-535D5B128AF2}.Debug|x86.Build.0 = Debug|Any CPU
		{DBEB5569-93E8-457A-84F1-535D5B128AF2}.Release|Any CPU.ActiveCfg = Release|Any CPU
		{DBEB5569-93E8-457A-84F1-535D5B128AF2}.Release|Any CPU.Build.0 = Release|Any CPU
		{DBEB5569-93E8-457A-84F1-535D5B128AF2}.Release|Mixed Platforms.ActiveCfg = Release|Any CPU
		{DBEB5569-93E8-457A-84F1-535D5B128AF2}.Release|Mixed Platforms.Build.0 = Release|Any CPU
		{DBEB5569-93E8-457A-84F1-535D5B128AF2}.Release|x86.ActiveCfg = Release|Any CPU
		{DBEB5569-93E8-457A-84F1-535D5B128AF2}.Release|x86.Build.0 = Release|Any CPU
		{8C7E0739-0D82-43DF-B6CD-E81D6E71C551}.Debug|Any CPU.ActiveCfg = Debug|Any CPU
		{8C7E0739-0D82-43DF-B6CD-E81D6E71C551}.Debug|Any CPU.Build.0 = Debug|Any CPU
		{8C7E0739-0D82-43DF-B6CD-E81D6E71C551}.Debug|Mixed Platforms.ActiveCfg = Debug|Any CPU
		{8C7E0739-0D82-43DF-B6CD-E81D6E71C551}.Debug|Mixed Platforms.Build.0 = Debug|Any CPU
		{8C7E0739-0D82-43DF-B6CD-E81D6E71C551}.Debug|x86.ActiveCfg = Debug|Any CPU
		{8C7E0739-0D82-43DF-B6CD-E81D6E71C551}.Debug|x86.Build.0 = Debug|Any CPU
		{8C7E0739-0D82-43DF-B6CD-E81D6E71C551}.Release|Any CPU.ActiveCfg = Release|Any CPU
		{8C7E0739-0D82-43DF-B6CD-E81D6E71C551}.Release|Any CPU.Build.0 = Release|Any CPU
		{8C7E0739-0D82-43DF-B6CD-E81D6E71C551}.Release|Mixed Platforms.ActiveCfg = Release|Any CPU
		{8C7E0739-0D82-43DF-B6CD-E81D6E71C551}.Release|Mixed Platforms.Build.0 = Release|Any CPU
		{8C7E0739-0D82-43DF-B6CD-E81D6E71C551}.Release|x86.ActiveCfg = Release|Any CPU
		{8C7E0739-0D82-43DF-B6CD-E81D6E71C551}.Release|x86.Build.0 = Release|Any CPU
		{66B9EB65-5404-4AA2-BB33-92C6134E0E0C}.Debug|Any CPU.ActiveCfg = Debug|Any CPU
		{66B9EB65-5404-4AA2-BB33-92C6134E0E0C}.Debug|Any CPU.Build.0 = Debug|Any CPU
		{66B9EB65-5404-4AA2-BB33-92C6134E0E0C}.Debug|Mixed Platforms.ActiveCfg = Debug|Any CPU
		{66B9EB65-5404-4AA2-BB33-92C6134E0E0C}.Debug|Mixed Platforms.Build.0 = Debug|Any CPU
		{66B9EB65-5404-4AA2-BB33-92C6134E0E0C}.Debug|x86.ActiveCfg = Debug|Any CPU
		{66B9EB65-5404-4AA2-BB33-92C6134E0E0C}.Debug|x86.Build.0 = Debug|Any CPU
		{66B9EB65-5404-4AA2-BB33-92C6134E0E0C}.Release|Any CPU.ActiveCfg = Release|Any CPU
		{66B9EB65-5404-4AA2-BB33-92C6134E0E0C}.Release|Any CPU.Build.0 = Release|Any CPU
		{66B9EB65-5404-4AA2-BB33-92C6134E0E0C}.Release|Mixed Platforms.ActiveCfg = Release|Any CPU
		{66B9EB65-5404-4AA2-BB33-92C6134E0E0C}.Release|Mixed Platforms.Build.0 = Release|Any CPU
		{66B9EB65-5404-4AA2-BB33-92C6134E0E0C}.Release|x86.ActiveCfg = Release|Any CPU
		{66B9EB65-5404-4AA2-BB33-92C6134E0E0C}.Release|x86.Build.0 = Release|Any CPU
	EndGlobalSection
	GlobalSection(SolutionProperties) = preSolution
		HideSolutionNode = FALSE
	EndGlobalSection
EndGlobal
